// !$*UTF8*$!
{
	archiveVersion = 1;
	classes = {
	};
	objectVersion = 50;
	objects = {

/* Begin PBXBuildFile section */
		16A526152179688F006A1C23 /* AppDelegate.swift in Sources */ = {isa = PBXBuildFile; fileRef = 16A526142179688F006A1C23 /* AppDelegate.swift */; };
		16A526172179688F006A1C23 /* MemosViewController.swift in Sources */ = {isa = PBXBuildFile; fileRef = 16A526162179688F006A1C23 /* MemosViewController.swift */; };
		16A5261A2179688F006A1C23 /* Main.storyboard in Resources */ = {isa = PBXBuildFile; fileRef = 16A526182179688F006A1C23 /* Main.storyboard */; };
		16A5261C21796896006A1C23 /* Assets.xcassets in Resources */ = {isa = PBXBuildFile; fileRef = 16A5261B21796896006A1C23 /* Assets.xcassets */; };
		16A5261F21796896006A1C23 /* LaunchScreen.storyboard in Resources */ = {isa = PBXBuildFile; fileRef = 16A5261D21796896006A1C23 /* LaunchScreen.storyboard */; };
		16A5262921796AFC006A1C23 /* VirtualDatabase.swift in Sources */ = {isa = PBXBuildFile; fileRef = 16A5262821796AFC006A1C23 /* VirtualDatabase.swift */; };
		16A5262B21796B0C006A1C23 /* Memo.swift in Sources */ = {isa = PBXBuildFile; fileRef = 16A5262A21796B0C006A1C23 /* Memo.swift */; };
		16A5262D217972FC006A1C23 /* MemoEditViewController.swift in Sources */ = {isa = PBXBuildFile; fileRef = 16A5262C217972FC006A1C23 /* MemoEditViewController.swift */; };
/* End PBXBuildFile section */

/* Begin PBXFileReference section */
		16A526112179688F006A1C23 /* MemoMadness.app */ = {isa = PBXFileReference; explicitFileType = wrapper.application; includeInIndex = 0; path = MemoMadness.app; sourceTree = BUILT_PRODUCTS_DIR; };
		16A526142179688F006A1C23 /* AppDelegate.swift */ = {isa = PBXFileReference; lastKnownFileType = sourcecode.swift; path = AppDelegate.swift; sourceTree = "<group>"; };
		16A526162179688F006A1C23 /* MemosViewController.swift */ = {isa = PBXFileReference; lastKnownFileType = sourcecode.swift; path = MemosViewController.swift; sourceTree = "<group>"; };
		16A526192179688F006A1C23 /* Base */ = {isa = PBXFileReference; lastKnownFileType = file.storyboard; name = Base; path = Base.lproj/Main.storyboard; sourceTree = "<group>"; };
		16A5261B21796896006A1C23 /* Assets.xcassets */ = {isa = PBXFileReference; lastKnownFileType = folder.assetcatalog; path = Assets.xcassets; sourceTree = "<group>"; };
		16A5261E21796896006A1C23 /* Base */ = {isa = PBXFileReference; lastKnownFileType = file.storyboard; name = Base; path = Base.lproj/LaunchScreen.storyboard; sourceTree = "<group>"; };
		16A5262021796896006A1C23 /* Info.plist */ = {isa = PBXFileReference; lastKnownFileType = text.plist.xml; path = Info.plist; sourceTree = "<group>"; };
		16A5262821796AFC006A1C23 /* VirtualDatabase.swift */ = {isa = PBXFileReference; lastKnownFileType = sourcecode.swift; path = VirtualDatabase.swift; sourceTree = "<group>"; };
		16A5262A21796B0C006A1C23 /* Memo.swift */ = {isa = PBXFileReference; lastKnownFileType = sourcecode.swift; path = Memo.swift; sourceTree = "<group>"; };
		16A5262C217972FC006A1C23 /* MemoEditViewController.swift */ = {isa = PBXFileReference; lastKnownFileType = sourcecode.swift; path = MemoEditViewController.swift; sourceTree = "<group>"; };
/* End PBXFileReference section */

/* Begin PBXFrameworksBuildPhase section */
		16A5260E2179688F006A1C23 /* Frameworks */ = {
			isa = PBXFrameworksBuildPhase;
			buildActionMask = 2147483647;
			files = (
			);
			runOnlyForDeploymentPostprocessing = 0;
		};
/* End PBXFrameworksBuildPhase section */

/* Begin PBXGroup section */
		16A526082179688F006A1C23 = {
			isa = PBXGroup;
			children = (
				16A526132179688F006A1C23 /* MemoMadness */,
				16A526122179688F006A1C23 /* Products */,
			);
			sourceTree = "<group>";
		};
		16A526122179688F006A1C23 /* Products */ = {
			isa = PBXGroup;
			children = (
				16A526112179688F006A1C23 /* MemoMadness.app */,
			);
			name = Products;
			sourceTree = "<group>";
		};
		16A526132179688F006A1C23 /* MemoMadness */ = {
			isa = PBXGroup;
			children = (
				16A5262821796AFC006A1C23 /* VirtualDatabase.swift */,
				16A5262A21796B0C006A1C23 /* Memo.swift */,
				16A526142179688F006A1C23 /* AppDelegate.swift */,
				16A526162179688F006A1C23 /* MemosViewController.swift */,
				16A5262C217972FC006A1C23 /* MemoEditViewController.swift */,
				16A526182179688F006A1C23 /* Main.storyboard */,
				16A5261B21796896006A1C23 /* Assets.xcassets */,
				16A5261D21796896006A1C23 /* LaunchScreen.storyboard */,
				16A5262021796896006A1C23 /* Info.plist */,
			);
			path = MemoMadness;
			sourceTree = "<group>";
		};
/* End PBXGroup section */

/* Begin PBXNativeTarget section */
		16A526102179688F006A1C23 /* MemoMadness */ = {
			isa = PBXNativeTarget;
			buildConfigurationList = 16A5262321796896006A1C23 /* Build configuration list for PBXNativeTarget "MemoMadness" */;
			buildPhases = (
				16A5260D2179688F006A1C23 /* Sources */,
				16A5260E2179688F006A1C23 /* Frameworks */,
				16A5260F2179688F006A1C23 /* Resources */,
			);
			buildRules = (
			);
			dependencies = (
			);
			name = MemoMadness;
			productName = MemoMadness;
			productReference = 16A526112179688F006A1C23 /* MemoMadness.app */;
			productType = "com.apple.product-type.application";
		};
/* End PBXNativeTarget section */

/* Begin PBXProject section */
		16A526092179688F006A1C23 /* Project object */ = {
			isa = PBXProject;
			attributes = {
				LastSwiftUpdateCheck = 1000;
				LastUpgradeCheck = 1000;
				ORGANIZATIONNAME = "Jacob Caraballo";
				TargetAttributes = {
					16A526102179688F006A1C23 = {
						CreatedOnToolsVersion = 10.0;
					};
				};
			};
			buildConfigurationList = 16A5260C2179688F006A1C23 /* Build configuration list for PBXProject "MemoMadness" */;
			compatibilityVersion = "Xcode 9.3";
			developmentRegion = en;
			hasScannedForEncodings = 0;
			knownRegions = (
				en,
				Base,
			);
			mainGroup = 16A526082179688F006A1C23;
			productRefGroup = 16A526122179688F006A1C23 /* Products */;
			projectDirPath = "";
			projectRoot = "";
			targets = (
				16A526102179688F006A1C23 /* MemoMadness */,
			);
		};
/* End PBXProject section */

/* Begin PBXResourcesBuildPhase section */
		16A5260F2179688F006A1C23 /* Resources */ = {
			isa = PBXResourcesBuildPhase;
			buildActionMask = 2147483647;
			files = (
				16A5261F21796896006A1C23 /* LaunchScreen.storyboard in Resources */,
				16A5261C21796896006A1C23 /* Assets.xcassets in Resources */,
				16A5261A2179688F006A1C23 /* Main.storyboard in Resources */,
			);
			runOnlyForDeploymentPostprocessing = 0;
		};
/* End PBXResourcesBuildPhase section */

/* Begin PBXSourcesBuildPhase section */
		16A5260D2179688F006A1C23 /* Sources */ = {
			isa = PBXSourcesBuildPhase;
			buildActionMask = 2147483647;
			files = (
				16A526172179688F006A1C23 /* MemosViewController.swift in Sources */,
				16A5262D217972FC006A1C23 /* MemoEditViewController.swift in Sources */,
				16A526152179688F006A1C23 /* AppDelegate.swift in Sources */,
				16A5262921796AFC006A1C23 /* VirtualDatabase.swift in Sources */,
				16A5262B21796B0C006A1C23 /* Memo.swift in Sources */,
			);
			runOnlyForDeploymentPostprocessing = 0;
		};
/* End PBXSourcesBuildPhase section */

/* Begin PBXVariantGroup section */
		16A526182179688F006A1C23 /* Main.storyboard */ = {
			isa = PBXVariantGroup;
			children = (
				16A526192179688F006A1C23 /* Base */,
			);
			name = Main.storyboard;
			sourceTree = "<group>";
		};
		16A5261D21796896006A1C23 /* LaunchScreen.storyboard */ = {
			isa = PBXVariantGroup;
			children = (
				16A5261E21796896006A1C23 /* Base */,
			);
			name = LaunchScreen.storyboard;
			sourceTree = "<group>";
		};
/* End PBXVariantGroup section */

/* Begin XCBuildConfiguration section */
		16A5262121796896006A1C23 /* Debug */ = {
			isa = XCBuildConfiguration;
			buildSettings = {
				ALWAYS_SEARCH_USER_PATHS = NO;
				CLANG_ANALYZER_NONNULL = YES;
				CLANG_ANALYZER_NUMBER_OBJECT_CONVERSION = YES_AGGRESSIVE;
				CLANG_CXX_LANGUAGE_STANDARD = "gnu++14";
				CLANG_CXX_LIBRARY = "libc++";
				CLANG_ENABLE_MODULES = YES;
				CLANG_ENABLE_OBJC_ARC = YES;
				CLANG_ENABLE_OBJC_WEAK = YES;
				CLANG_WARN_BLOCK_CAPTURE_AUTORELEASING = YES;
				CLANG_WARN_BOOL_CONVERSION = YES;
				CLANG_WARN_COMMA = YES;
				CLANG_WARN_CONSTANT_CONVERSION = YES;
				CLANG_WARN_DEPRECATED_OBJC_IMPLEMENTATIONS = YES;
				CLANG_WARN_DIRECT_OBJC_ISA_USAGE = YES_ERROR;
				CLANG_WARN_DOCUMENTATION_COMMENTS = YES;
				CLANG_WARN_EMPTY_BODY = YES;
				CLANG_WARN_ENUM_CONVERSION = YES;
				CLANG_WARN_INFINITE_RECURSION = YES;
				CLANG_WARN_INT_CONVERSION = YES;
				CLANG_WARN_NON_LITERAL_NULL_CONVERSION = YES;
				CLANG_WARN_OBJC_IMPLICIT_RETAIN_SELF = YES;
				CLANG_WARN_OBJC_LITERAL_CONVERSION = YES;
				CLANG_WARN_OBJC_ROOT_CLASS = YES_ERROR;
				CLANG_WARN_RANGE_LOOP_ANALYSIS = YES;
				CLANG_WARN_STRICT_PROTOTYPES = YES;
				CLANG_WARN_SUSPICIOUS_MOVE = YES;
				CLANG_WARN_UNGUARDED_AVAILABILITY = YES_AGGRESSIVE;
				CLANG_WARN_UNREACHABLE_CODE = YES;
				CLANG_WARN__DUPLICATE_METHOD_MATCH = YES;
				CODE_SIGN_IDENTITY = "iPhone Developer";
				COPY_PHASE_STRIP = NO;
				DEBUG_INFORMATION_FORMAT = dwarf;
				ENABLE_STRICT_OBJC_MSGSEND = YES;
				ENABLE_TESTABILITY = YES;
				GCC_C_LANGUAGE_STANDARD = gnu11;
				GCC_DYNAMIC_NO_PIC = NO;
				GCC_NO_COMMON_BLOCKS = YES;
				GCC_OPTIMIZATION_LEVEL = 0;
				GCC_PREPROCESSOR_DEFINITIONS = (
					"DEBUG=1",
					"$(inherited)",
				);
				GCC_WARN_64_TO_32_BIT_CONVERSION = YES;
				GCC_WARN_ABOUT_RETURN_TYPE = YES_ERROR;
				GCC_WARN_UNDECLARED_SELECTOR = YES;
				GCC_WARN_UNINITIALIZED_AUTOS = YES_AGGRESSIVE;
				GCC_WARN_UNUSED_FUNCTION = YES;
				GCC_WARN_UNUSED_VARIABLE = YES;
				IPHONEOS_DEPLOYMENT_TARGET = 12.0;
				MTL_ENABLE_DEBUG_INFO = INCLUDE_SOURCE;
				MTL_FAST_MATH = YES;
				ONLY_ACTIVE_ARCH = YES;
				SDKROOT = iphoneos;
				SWIFT_ACTIVE_COMPILATION_CONDITIONS = DEBUG;
				SWIFT_OPTIMIZATION_LEVEL = "-Onone";
			};
			name = Debug;
		};
		16A5262221796896006A1C23 /* Release */ = {
			isa = XCBuildConfiguration;
			buildSettings = {
				ALWAYS_SEARCH_USER_PATHS = NO;
				CLANG_ANALYZER_NONNULL = YES;
				CLANG_ANALYZER_NUMBER_OBJECT_CONVERSION = YES_AGGRESSIVE;
				CLANG_CXX_LANGUAGE_STANDARD = "gnu++14";
				CLANG_CXX_LIBRARY = "libc++";
				CLANG_ENABLE_MODULES = YES;
				CLANG_ENABLE_OBJC_ARC = YES;
				CLANG_ENABLE_OBJC_WEAK = YES;
				CLANG_WARN_BLOCK_CAPTURE_AUTORELEASING = YES;
				CLANG_WARN_BOOL_CONVERSION = YES;
				CLANG_WARN_COMMA = YES;
				CLANG_WARN_CONSTANT_CONVERSION = YES;
				CLANG_WARN_DEPRECATED_OBJC_IMPLEMENTATIONS = YES;
				CLANG_WARN_DIRECT_OBJC_ISA_USAGE = YES_ERROR;
				CLANG_WARN_DOCUMENTATION_COMMENTS = YES;
				CLANG_WARN_EMPTY_BODY = YES;
				CLANG_WARN_ENUM_CONVERSION = YES;
				CLANG_WARN_INFINITE_RECURSION = YES;
				CLANG_WARN_INT_CONVERSION = YES;
				CLANG_WARN_NON_LITERAL_NULL_CONVERSION = YES;
				CLANG_WARN_OBJC_IMPLICIT_RETAIN_SELF = YES;
				CLANG_WARN_OBJC_LITERAL_CONVERSION = YES;
				CLANG_WARN_OBJC_ROOT_CLASS = YES_ERROR;
				CLANG_WARN_RANGE_LOOP_ANALYSIS = YES;
				CLANG_WARN_STRICT_PROTOTYPES = YES;
				CLANG_WARN_SUSPICIOUS_MOVE = YES;
				CLANG_WARN_UNGUARDED_AVAILABILITY = YES_AGGRESSIVE;
				CLANG_WARN_UNREACHABLE_CODE = YES;
				CLANG_WARN__DUPLICATE_METHOD_MATCH = YES;
				CODE_SIGN_IDENTITY = "iPhone Developer";
				COPY_PHASE_STRIP = NO;
				DEBUG_INFORMATION_FORMAT = "dwarf-with-dsym";
				ENABLE_NS_ASSERTIONS = NO;
				ENABLE_STRICT_OBJC_MSGSEND = YES;
				GCC_C_LANGUAGE_STANDARD = gnu11;
				GCC_NO_COMMON_BLOCKS = YES;
				GCC_WARN_64_TO_32_BIT_CONVERSION = YES;
				GCC_WARN_ABOUT_RETURN_TYPE = YES_ERROR;
				GCC_WARN_UNDECLARED_SELECTOR = YES;
				GCC_WARN_UNINITIALIZED_AUTOS = YES_AGGRESSIVE;
				GCC_WARN_UNUSED_FUNCTION = YES;
				GCC_WARN_UNUSED_VARIABLE = YES;
				IPHONEOS_DEPLOYMENT_TARGET = 12.0;
				MTL_ENABLE_DEBUG_INFO = NO;
				MTL_FAST_MATH = YES;
				SDKROOT = iphoneos;
				SWIFT_COMPILATION_MODE = wholemodule;
				SWIFT_OPTIMIZATION_LEVEL = "-O";
				VALIDATE_PRODUCT = YES;
			};
			name = Release;
		};
		16A5262421796896006A1C23 /* Debug */ = {
			isa = XCBuildConfiguration;
			buildSettings = {
				ASSETCATALOG_COMPILER_APPICON_NAME = AppIcon;
				CODE_SIGN_STYLE = Automatic;
				DEVELOPMENT_TEAM = 8LP4UG5E74;
				INFOPLIST_FILE = MemoMadness/Info.plist;
				LD_RUNPATH_SEARCH_PATHS = (
					"$(inherited)",
					"@executable_path/Frameworks",
				);
				PRODUCT_BUNDLE_IDENTIFIER = com.zogo.MemoMadness;
				PRODUCT_NAME = "$(TARGET_NAME)";
				SWIFT_VERSION = 4.2;
				TARGETED_DEVICE_FAMILY = "1,2";
			};
			name = Debug;
		};
		16A5262521796896006A1C23 /* Release */ = {
			isa = XCBuildConfiguration;
			buildSettings = {
				ASSETCATALOG_COMPILER_APPICON_NAME = AppIcon;
				CODE_SIGN_STYLE = Automatic;
				DEVELOPMENT_TEAM = 8LP4UG5E74;
				INFOPLIST_FILE = MemoMadness/Info.plist;
				LD_RUNPATH_SEARCH_PATHS = (
					"$(inherited)",
					"@executable_path/Frameworks",
				);
				PRODUCT_BUNDLE_IDENTIFIER = com.zogo.MemoMadness;
				PRODUCT_NAME = "$(TARGET_NAME)";
				SWIFT_VERSION = 4.2;
				TARGETED_DEVICE_FAMILY = "1,2";
			};
			name = Release;
		};
/* End XCBuildConfiguration section */

/* Begin XCConfigurationList section */
		16A5260C2179688F006A1C23 /* Build configuration list for PBXProject "MemoMadness" */ = {
			isa = XCConfigurationList;
			buildConfigurations = (
				16A5262121796896006A1C23 /* Debug */,
				16A5262221796896006A1C23 /* Release */,
			);
			defaultConfigurationIsVisible = 0;
			defaultConfigurationName = Release;
		};
		16A5262321796896006A1C23 /* Build configuration list for PBXNativeTarget "MemoMadness" */ = {
			isa = XCConfigurationList;
			buildConfigurations = (
				16A5262421796896006A1C23 /* Debug */,
				16A5262521796896006A1C23 /* Release */,
			);
			defaultConfigurationIsVisible = 0;
			defaultConfigurationName = Release;
		};
/* End XCConfigurationList section */
	};
	rootObject = 16A526092179688F006A1C23 /* Project object */;
}
